
Microsoft Visual Studio Solution File, Format Version 12.00
# Visual Studio Version 16
VisualStudioVersion = 16.0.30907.101
MinimumVisualStudioVersion = 10.0.40219.1
Project("{FAE04EC0-301F-11D3-BF4B-00C04F79EFBC}") = "Magical_square", "Magical_square.csproj", "{FD36F341-3550-478E-AE92-DD090864F3CA}"
EndProject
Global
	GlobalSection(SolutionConfigurationPlatforms) = preSolution
		Debug|Any CPU = Debug|Any CPU
		Release|Any CPU = Release|Any CPU
	EndGlobalSection
	GlobalSection(ProjectConfigurationPlatforms) = postSolution
		{FD36F341-3550-478E-AE92-DD090864F3CA}.Debug|Any CPU.ActiveCfg = Debug|Any CPU
		{FD36F341-3550-478E-AE92-DD090864F3CA}.Debug|Any CPU.Build.0 = Debug|Any CPU
		{FD36F341-3550-478E-AE92-DD090864F3CA}.Release|Any CPU.ActiveCfg = Release|Any CPU
		{FD36F341-3550-478E-AE92-DD090864F3CA}.Release|Any CPU.Build.0 = Release|Any CPU
	EndGlobalSection
	GlobalSection(SolutionProperties) = preSolution
		HideSolutionNode = FALSE
	EndGlobalSection
	GlobalSection(ExtensibilityGlobals) = postSolution
		SolutionGuid = {81D57519-F604-4169-A77C-0B6785050CD5}
	EndGlobalSection
EndGlobal
