
Microsoft Visual Studio Solution File, Format Version 12.00
# Visual Studio Version 16
VisualStudioVersion = 16.0.30907.101
MinimumVisualStudioVersion = 10.0.40219.1
Project("{FAE04EC0-301F-11D3-BF4B-00C04F79EFBC}") = "toto_6_ot_49", "toto_6_ot_49.csproj", "{169E3765-923C-4FDF-946D-0636E527B36B}"
EndProject
Global
	GlobalSection(SolutionConfigurationPlatforms) = preSolution
		Debug|Any CPU = Debug|Any CPU
		Release|Any CPU = Release|Any CPU
	EndGlobalSection
	GlobalSection(ProjectConfigurationPlatforms) = postSolution
		{169E3765-923C-4FDF-946D-0636E527B36B}.Debug|Any CPU.ActiveCfg = Debug|Any CPU
		{169E3765-923C-4FDF-946D-0636E527B36B}.Debug|Any CPU.Build.0 = Debug|Any CPU
		{169E3765-923C-4FDF-946D-0636E527B36B}.Release|Any CPU.ActiveCfg = Release|Any CPU
		{169E3765-923C-4FDF-946D-0636E527B36B}.Release|Any CPU.Build.0 = Release|Any CPU
	EndGlobalSection
	GlobalSection(SolutionProperties) = preSolution
		HideSolutionNode = FALSE
	EndGlobalSection
	GlobalSection(ExtensibilityGlobals) = postSolution
		SolutionGuid = {E7697811-E7FB-4E41-9625-62A2C7049406}
	EndGlobalSection
EndGlobal
