
Microsoft Visual Studio Solution File, Format Version 12.00
# Visual Studio Version 16
VisualStudioVersion = 16.0.30907.101
MinimumVisualStudioVersion = 10.0.40219.1
Project("{FAE04EC0-301F-11D3-BF4B-00C04F79EFBC}") = "base_class", "base_class.csproj", "{B50C7F64-BC9C-4C8C-A01E-3A61C4C74DD6}"
EndProject
Global
	GlobalSection(SolutionConfigurationPlatforms) = preSolution
		Debug|Any CPU = Debug|Any CPU
		Release|Any CPU = Release|Any CPU
	EndGlobalSection
	GlobalSection(ProjectConfigurationPlatforms) = postSolution
		{B50C7F64-BC9C-4C8C-A01E-3A61C4C74DD6}.Debug|Any CPU.ActiveCfg = Debug|Any CPU
		{B50C7F64-BC9C-4C8C-A01E-3A61C4C74DD6}.Debug|Any CPU.Build.0 = Debug|Any CPU
		{B50C7F64-BC9C-4C8C-A01E-3A61C4C74DD6}.Release|Any CPU.ActiveCfg = Release|Any CPU
		{B50C7F64-BC9C-4C8C-A01E-3A61C4C74DD6}.Release|Any CPU.Build.0 = Release|Any CPU
	EndGlobalSection
	GlobalSection(SolutionProperties) = preSolution
		HideSolutionNode = FALSE
	EndGlobalSection
	GlobalSection(ExtensibilityGlobals) = postSolution
		SolutionGuid = {2FBA5CB2-4ABE-4892-A542-EC4B4DC900B4}
	EndGlobalSection
EndGlobal
